// !$*UTF8*$!
{
	archiveVersion = 1;
	classes = {
	};
	objectVersion = 50;
	objects = {

/* Begin PBXBuildFile section */
		56266877262ED8FA0029C9FC /* AppDelegate.swift in Sources */ = {isa = PBXBuildFile; fileRef = 56266876262ED8FA0029C9FC /* AppDelegate.swift */; };
		56266879262ED8FA0029C9FC /* SceneDelegate.swift in Sources */ = {isa = PBXBuildFile; fileRef = 56266878262ED8FA0029C9FC /* SceneDelegate.swift */; };
		5626687B262ED8FA0029C9FC /* ContentView.swift in Sources */ = {isa = PBXBuildFile; fileRef = 5626687A262ED8FA0029C9FC /* ContentView.swift */; };
		5626687D262ED9010029C9FC /* Assets.xcassets in Resources */ = {isa = PBXBuildFile; fileRef = 5626687C262ED9010029C9FC /* Assets.xcassets */; };
		56266880262ED9010029C9FC /* Preview Assets.xcassets in Resources */ = {isa = PBXBuildFile; fileRef = 5626687F262ED9010029C9FC /* Preview Assets.xcassets */; };
		56266883262ED9010029C9FC /* LaunchScreen.storyboard in Resources */ = {isa = PBXBuildFile; fileRef = 56266881262ED9010029C9FC /* LaunchScreen.storyboard */; };
/* End PBXBuildFile section */

/* Begin PBXFileReference section */
		56266873262ED8FA0029C9FC /* day22_pro2_pa3.app */ = {isa = PBXFileReference; explicitFileType = wrapper.application; includeInIndex = 0; path = day22_pro2_pa3.app; sourceTree = BUILT_PRODUCTS_DIR; };
		56266876262ED8FA0029C9FC /* AppDelegate.swift */ = {isa = PBXFileReference; lastKnownFileType = sourcecode.swift; path = AppDelegate.swift; sourceTree = "<group>"; };
		56266878262ED8FA0029C9FC /* SceneDelegate.swift */ = {isa = PBXFileReference; lastKnownFileType = sourcecode.swift; path = SceneDelegate.swift; sourceTree = "<group>"; };
		5626687A262ED8FA0029C9FC /* ContentView.swift */ = {isa = PBXFileReference; lastKnownFileType = sourcecode.swift; path = ContentView.swift; sourceTree = "<group>"; };
		5626687C262ED9010029C9FC /* Assets.xcassets */ = {isa = PBXFileReference; lastKnownFileType = folder.assetcatalog; path = Assets.xcassets; sourceTree = "<group>"; };
		5626687F262ED9010029C9FC /* Preview Assets.xcassets */ = {isa = PBXFileReference; lastKnownFileType = folder.assetcatalog; path = "Preview Assets.xcassets"; sourceTree = "<group>"; };
		56266882262ED9010029C9FC /* Base */ = {isa = PBXFileReference; lastKnownFileType = file.storyboard; name = Base; path = Base.lproj/LaunchScreen.storyboard; sourceTree = "<group>"; };
		56266884262ED9010029C9FC /* Info.plist */ = {isa = PBXFileReference; lastKnownFileType = text.plist.xml; path = Info.plist; sourceTree = "<group>"; };
/* End PBXFileReference section */

/* Begin PBXFrameworksBuildPhase section */
		56266870262ED8FA0029C9FC /* Frameworks */ = {
			isa = PBXFrameworksBuildPhase;
			buildActionMask = 2147483647;
			files = (
			);
			runOnlyForDeploymentPostprocessing = 0;
		};
/* End PBXFrameworksBuildPhase section */

/* Begin PBXGroup section */
		5626686A262ED8FA0029C9FC = {
			isa = PBXGroup;
			children = (
				56266875262ED8FA0029C9FC /* day22_pro2_pa3 */,
				56266874262ED8FA0029C9FC /* Products */,
			);
			sourceTree = "<group>";
		};
		56266874262ED8FA0029C9FC /* Products */ = {
			isa = PBXGroup;
			children = (
				56266873262ED8FA0029C9FC /* day22_pro2_pa3.app */,
			);
			name = Products;
			sourceTree = "<group>";
		};
		56266875262ED8FA0029C9FC /* day22_pro2_pa3 */ = {
			isa = PBXGroup;
			children = (
				56266876262ED8FA0029C9FC /* AppDelegate.swift */,
				56266878262ED8FA0029C9FC /* SceneDelegate.swift */,
				5626687A262ED8FA0029C9FC /* ContentView.swift */,
				5626687C262ED9010029C9FC /* Assets.xcassets */,
				56266881262ED9010029C9FC /* LaunchScreen.storyboard */,
				56266884262ED9010029C9FC /* Info.plist */,
				5626687E262ED9010029C9FC /* Preview Content */,
			);
			path = day22_pro2_pa3;
			sourceTree = "<group>";
		};
		5626687E262ED9010029C9FC /* Preview Content */ = {
			isa = PBXGroup;
			children = (
				5626687F262ED9010029C9FC /* Preview Assets.xcassets */,
			);
			path = "Preview Content";
			sourceTree = "<group>";
		};
/* End PBXGroup section */

/* Begin PBXNativeTarget section */
		56266872262ED8FA0029C9FC /* day22_pro2_pa3 */ = {
			isa = PBXNativeTarget;
			buildConfigurationList = 56266887262ED9010029C9FC /* Build configuration list for PBXNativeTarget "day22_pro2_pa3" */;
			buildPhases = (
				5626686F262ED8FA0029C9FC /* Sources */,
				56266870262ED8FA0029C9FC /* Frameworks */,
				56266871262ED8FA0029C9FC /* Resources */,
			);
			buildRules = (
			);
			dependencies = (
			);
			name = day22_pro2_pa3;
			productName = day22_pro2_pa3;
			productReference = 56266873262ED8FA0029C9FC /* day22_pro2_pa3.app */;
			productType = "com.apple.product-type.application";
		};
/* End PBXNativeTarget section */

/* Begin PBXProject section */
		5626686B262ED8FA0029C9FC /* Project object */ = {
			isa = PBXProject;
			attributes = {
				LastSwiftUpdateCheck = 1130;
				LastUpgradeCheck = 1130;
				ORGANIZATIONNAME = JohnHur;
				TargetAttributes = {
					56266872262ED8FA0029C9FC = {
						CreatedOnToolsVersion = 11.3;
					};
				};
			};
			buildConfigurationList = 5626686E262ED8FA0029C9FC /* Build configuration list for PBXProject "day22_pro2_pa3" */;
			compatibilityVersion = "Xcode 9.3";
			developmentRegion = en;
			hasScannedForEncodings = 0;
			knownRegions = (
				en,
				Base,
			);
			mainGroup = 5626686A262ED8FA0029C9FC;
			productRefGroup = 56266874262ED8FA0029C9FC /* Products */;
			projectDirPath = "";
			projectRoot = "";
			targets = (
				56266872262ED8FA0029C9FC /* day22_pro2_pa3 */,
			);
		};
/* End PBXProject section */

/* Begin PBXResourcesBuildPhase section */
		56266871262ED8FA0029C9FC /* Resources */ = {
			isa = PBXResourcesBuildPhase;
			buildActionMask = 2147483647;
			files = (
				56266883262ED9010029C9FC /* LaunchScreen.storyboard in Resources */,
				56266880262ED9010029C9FC /* Preview Assets.xcassets in Resources */,
				5626687D262ED9010029C9FC /* Assets.xcassets in Resources */,
			);
			runOnlyForDeploymentPostprocessing = 0;
		};
/* End PBXResourcesBuildPhase section */

/* Begin PBXSourcesBuildPhase section */
		5626686F262ED8FA0029C9FC /* Sources */ = {
			isa = PBXSourcesBuildPhase;
			buildActionMask = 2147483647;
			files = (
				56266877262ED8FA0029C9FC /* AppDelegate.swift in Sources */,
				56266879262ED8FA0029C9FC /* SceneDelegate.swift in Sources */,
				5626687B262ED8FA0029C9FC /* ContentView.swift in Sources */,
			);
			runOnlyForDeploymentPostprocessing = 0;
		};
/* End PBXSourcesBuildPhase section */

/* Begin PBXVariantGroup section */
		56266881262ED9010029C9FC /* LaunchScreen.storyboard */ = {
			isa = PBXVariantGroup;
			children = (
				56266882262ED9010029C9FC /* Base */,
			);
			name = LaunchScreen.storyboard;
			sourceTree = "<group>";
		};
/* End PBXVariantGroup section */

/* Begin XCBuildConfiguration section */
		56266885262ED9010029C9FC /* Debug */ = {
			isa = XCBuildConfiguration;
			buildSettings = {
				ALWAYS_SEARCH_USER_PATHS = NO;
				CLANG_ANALYZER_NONNULL = YES;
				CLANG_ANALYZER_NUMBER_OBJECT_CONVERSION = YES_AGGRESSIVE;
				CLANG_CXX_LANGUAGE_STANDARD = "gnu++14";
				CLANG_CXX_LIBRARY = "libc++";
				CLANG_ENABLE_MODULES = YES;
				CLANG_ENABLE_OBJC_ARC = YES;
				CLANG_ENABLE_OBJC_WEAK = YES;
				CLANG_WARN_BLOCK_CAPTURE_AUTORELEASING = YES;
				CLANG_WARN_BOOL_CONVERSION = YES;
				CLANG_WARN_COMMA = YES;
				CLANG_WARN_CONSTANT_CONVERSION = YES;
				CLANG_WARN_DEPRECATED_OBJC_IMPLEMENTATIONS = YES;
				CLANG_WARN_DIRECT_OBJC_ISA_USAGE = YES_ERROR;
				CLANG_WARN_DOCUMENTATION_COMMENTS = YES;
				CLANG_WARN_EMPTY_BODY = YES;
				CLANG_WARN_ENUM_CONVERSION = YES;
				CLANG_WARN_INFINITE_RECURSION = YES;
				CLANG_WARN_INT_CONVERSION = YES;
				CLANG_WARN_NON_LITERAL_NULL_CONVERSION = YES;
				CLANG_WARN_OBJC_IMPLICIT_RETAIN_SELF = YES;
				CLANG_WARN_OBJC_LITERAL_CONVERSION = YES;
				CLANG_WARN_OBJC_ROOT_CLASS = YES_ERROR;
				CLANG_WARN_RANGE_LOOP_ANALYSIS = YES;
				CLANG_WARN_STRICT_PROTOTYPES = YES;
				CLANG_WARN_SUSPICIOUS_MOVE = YES;
				CLANG_WARN_UNGUARDED_AVAILABILITY = YES_AGGRESSIVE;
				CLANG_WARN_UNREACHABLE_CODE = YES;
				CLANG_WARN__DUPLICATE_METHOD_MATCH = YES;
				COPY_PHASE_STRIP = NO;
				DEBUG_INFORMATION_FORMAT = dwarf;
				ENABLE_STRICT_OBJC_MSGSEND = YES;
				ENABLE_TESTABILITY = YES;
				GCC_C_LANGUAGE_STANDARD = gnu11;
				GCC_DYNAMIC_NO_PIC = NO;
				GCC_NO_COMMON_BLOCKS = YES;
				GCC_OPTIMIZATION_LEVEL = 0;
				GCC_PREPROCESSOR_DEFINITIONS = (
					"DEBUG=1",
					"$(inherited)",
				);
				GCC_WARN_64_TO_32_BIT_CONVERSION = YES;
				GCC_WARN_ABOUT_RETURN_TYPE = YES_ERROR;
				GCC_WARN_UNDECLARED_SELECTOR = YES;
				GCC_WARN_UNINITIALIZED_AUTOS = YES_AGGRESSIVE;
				GCC_WARN_UNUSED_FUNCTION = YES;
				GCC_WARN_UNUSED_VARIABLE = YES;
				IPHONEOS_DEPLOYMENT_TARGET = 13.2;
				MTL_ENABLE_DEBUG_INFO = INCLUDE_SOURCE;
				MTL_FAST_MATH = YES;
				ONLY_ACTIVE_ARCH = YES;
				SDKROOT = iphoneos;
				SWIFT_ACTIVE_COMPILATION_CONDITIONS = DEBUG;
				SWIFT_OPTIMIZATION_LEVEL = "-Onone";
			};
			name = Debug;
		};
		56266886262ED9010029C9FC /* Release */ = {
			isa = XCBuildConfiguration;
			buildSettings = {
				ALWAYS_SEARCH_USER_PATHS = NO;
				CLANG_ANALYZER_NONNULL = YES;
				CLANG_ANALYZER_NUMBER_OBJECT_CONVERSION = YES_AGGRESSIVE;
				CLANG_CXX_LANGUAGE_STANDARD = "gnu++14";
				CLANG_CXX_LIBRARY = "libc++";
				CLANG_ENABLE_MODULES = YES;
				CLANG_ENABLE_OBJC_ARC = YES;
				CLANG_ENABLE_OBJC_WEAK = YES;
				CLANG_WARN_BLOCK_CAPTURE_AUTORELEASING = YES;
				CLANG_WARN_BOOL_CONVERSION = YES;
				CLANG_WARN_COMMA = YES;
				CLANG_WARN_CONSTANT_CONVERSION = YES;
				CLANG_WARN_DEPRECATED_OBJC_IMPLEMENTATIONS = YES;
				CLANG_WARN_DIRECT_OBJC_ISA_USAGE = YES_ERROR;
				CLANG_WARN_DOCUMENTATION_COMMENTS = YES;
				CLANG_WARN_EMPTY_BODY = YES;
				CLANG_WARN_ENUM_CONVERSION = YES;
				CLANG_WARN_INFINITE_RECURSION = YES;
				CLANG_WARN_INT_CONVERSION = YES;
				CLANG_WARN_NON_LITERAL_NULL_CONVERSION = YES;
				CLANG_WARN_OBJC_IMPLICIT_RETAIN_SELF = YES;
				CLANG_WARN_OBJC_LITERAL_CONVERSION = YES;
				CLANG_WARN_OBJC_ROOT_CLASS = YES_ERROR;
				CLANG_WARN_RANGE_LOOP_ANALYSIS = YES;
				CLANG_WARN_STRICT_PROTOTYPES = YES;
				CLANG_WARN_SUSPICIOUS_MOVE = YES;
				CLANG_WARN_UNGUARDED_AVAILABILITY = YES_AGGRESSIVE;
				CLANG_WARN_UNREACHABLE_CODE = YES;
				CLANG_WARN__DUPLICATE_METHOD_MATCH = YES;
				COPY_PHASE_STRIP = NO;
				DEBUG_INFORMATION_FORMAT = "dwarf-with-dsym";
				ENABLE_NS_ASSERTIONS = NO;
				ENABLE_STRICT_OBJC_MSGSEND = YES;
				GCC_C_LANGUAGE_STANDARD = gnu11;
				GCC_NO_COMMON_BLOCKS = YES;
				GCC_WARN_64_TO_32_BIT_CONVERSION = YES;
				GCC_WARN_ABOUT_RETURN_TYPE = YES_ERROR;
				GCC_WARN_UNDECLARED_SELECTOR = YES;
				GCC_WARN_UNINITIALIZED_AUTOS = YES_AGGRESSIVE;
				GCC_WARN_UNUSED_FUNCTION = YES;
				GCC_WARN_UNUSED_VARIABLE = YES;
				IPHONEOS_DEPLOYMENT_TARGET = 13.2;
				MTL_ENABLE_DEBUG_INFO = NO;
				MTL_FAST_MATH = YES;
				SDKROOT = iphoneos;
				SWIFT_COMPILATION_MODE = wholemodule;
				SWIFT_OPTIMIZATION_LEVEL = "-O";
				VALIDATE_PRODUCT = YES;
			};
			name = Release;
		};
		56266888262ED9010029C9FC /* Debug */ = {
			isa = XCBuildConfiguration;
			buildSettings = {
				ASSETCATALOG_COMPILER_APPICON_NAME = AppIcon;
				CODE_SIGN_STYLE = Automatic;
				DEVELOPMENT_ASSET_PATHS = "\"day22_pro2_pa3/Preview Content\"";
				DEVELOPMENT_TEAM = WMN3W52C7Q;
				ENABLE_PREVIEWS = YES;
				INFOPLIST_FILE = day22_pro2_pa3/Info.plist;
				LD_RUNPATH_SEARCH_PATHS = (
					"$(inherited)",
					"@executable_path/Frameworks",
				);
				PRODUCT_BUNDLE_IDENTIFIER = "John.day22-pro2-pa3";
				PRODUCT_NAME = "$(TARGET_NAME)";
				SWIFT_VERSION = 5.0;
				TARGETED_DEVICE_FAMILY = "1,2";
			};
			name = Debug;
		};
		56266889262ED9010029C9FC /* Release */ = {
			isa = XCBuildConfiguration;
			buildSettings = {
				ASSETCATALOG_COMPILER_APPICON_NAME = AppIcon;
				CODE_SIGN_STYLE = Automatic;
				DEVELOPMENT_ASSET_PATHS = "\"day22_pro2_pa3/Preview Content\"";
				DEVELOPMENT_TEAM = WMN3W52C7Q;
				ENABLE_PREVIEWS = YES;
				INFOPLIST_FILE = day22_pro2_pa3/Info.plist;
				LD_RUNPATH_SEARCH_PATHS = (
					"$(inherited)",
					"@executable_path/Frameworks",
				);
				PRODUCT_BUNDLE_IDENTIFIER = "John.day22-pro2-pa3";
				PRODUCT_NAME = "$(TARGET_NAME)";
				SWIFT_VERSION = 5.0;
				TARGETED_DEVICE_FAMILY = "1,2";
			};
			name = Release;
		};
/* End XCBuildConfiguration section */

/* Begin XCConfigurationList section */
		5626686E262ED8FA0029C9FC /* Build configuration list for PBXProject "day22_pro2_pa3" */ = {
			isa = XCConfigurationList;
			buildConfigurations = (
				56266885262ED9010029C9FC /* Debug */,
				56266886262ED9010029C9FC /* Release */,
			);
			defaultConfigurationIsVisible = 0;
			defaultConfigurationName = Release;
		};
		56266887262ED9010029C9FC /* Build configuration list for PBXNativeTarget "day22_pro2_pa3" */ = {
			isa = XCConfigurationList;
			buildConfigurations = (
				56266888262ED9010029C9FC /* Debug */,
				56266889262ED9010029C9FC /* Release */,
			);
			defaultConfigurationIsVisible = 0;
			defaultConfigurationName = Release;
		};
/* End XCConfigurationList section */
	};
	rootObject = 5626686B262ED8FA0029C9FC /* Project object */;
}
