// !$*UTF8*$!
{
	archiveVersion = 1;
	classes = {
	};
	objectVersion = 50;
	objects = {

/* Begin PBXBuildFile section */
		562B235C2632E2F1005AD27E /* AppDelegate.swift in Sources */ = {isa = PBXBuildFile; fileRef = 562B235B2632E2F1005AD27E /* AppDelegate.swift */; };
		562B235E2632E2F1005AD27E /* SceneDelegate.swift in Sources */ = {isa = PBXBuildFile; fileRef = 562B235D2632E2F1005AD27E /* SceneDelegate.swift */; };
		562B23602632E2F1005AD27E /* ContentView.swift in Sources */ = {isa = PBXBuildFile; fileRef = 562B235F2632E2F1005AD27E /* ContentView.swift */; };
		562B23622632E2F7005AD27E /* Assets.xcassets in Resources */ = {isa = PBXBuildFile; fileRef = 562B23612632E2F7005AD27E /* Assets.xcassets */; };
		562B23652632E2F7005AD27E /* Preview Assets.xcassets in Resources */ = {isa = PBXBuildFile; fileRef = 562B23642632E2F7005AD27E /* Preview Assets.xcassets */; };
		562B23682632E2F7005AD27E /* LaunchScreen.storyboard in Resources */ = {isa = PBXBuildFile; fileRef = 562B23662632E2F7005AD27E /* LaunchScreen.storyboard */; };
/* End PBXBuildFile section */

/* Begin PBXFileReference section */
		562B23582632E2F1005AD27E /* day24_pro3_pa2.app */ = {isa = PBXFileReference; explicitFileType = wrapper.application; includeInIndex = 0; path = day24_pro3_pa2.app; sourceTree = BUILT_PRODUCTS_DIR; };
		562B235B2632E2F1005AD27E /* AppDelegate.swift */ = {isa = PBXFileReference; lastKnownFileType = sourcecode.swift; path = AppDelegate.swift; sourceTree = "<group>"; };
		562B235D2632E2F1005AD27E /* SceneDelegate.swift */ = {isa = PBXFileReference; lastKnownFileType = sourcecode.swift; path = SceneDelegate.swift; sourceTree = "<group>"; };
		562B235F2632E2F1005AD27E /* ContentView.swift */ = {isa = PBXFileReference; lastKnownFileType = sourcecode.swift; path = ContentView.swift; sourceTree = "<group>"; };
		562B23612632E2F7005AD27E /* Assets.xcassets */ = {isa = PBXFileReference; lastKnownFileType = folder.assetcatalog; path = Assets.xcassets; sourceTree = "<group>"; };
		562B23642632E2F7005AD27E /* Preview Assets.xcassets */ = {isa = PBXFileReference; lastKnownFileType = folder.assetcatalog; path = "Preview Assets.xcassets"; sourceTree = "<group>"; };
		562B23672632E2F7005AD27E /* Base */ = {isa = PBXFileReference; lastKnownFileType = file.storyboard; name = Base; path = Base.lproj/LaunchScreen.storyboard; sourceTree = "<group>"; };
		562B23692632E2F7005AD27E /* Info.plist */ = {isa = PBXFileReference; lastKnownFileType = text.plist.xml; path = Info.plist; sourceTree = "<group>"; };
/* End PBXFileReference section */

/* Begin PBXFrameworksBuildPhase section */
		562B23552632E2F1005AD27E /* Frameworks */ = {
			isa = PBXFrameworksBuildPhase;
			buildActionMask = 2147483647;
			files = (
			);
			runOnlyForDeploymentPostprocessing = 0;
		};
/* End PBXFrameworksBuildPhase section */

/* Begin PBXGroup section */
		562B234F2632E2F1005AD27E = {
			isa = PBXGroup;
			children = (
				562B235A2632E2F1005AD27E /* day24_pro3_pa2 */,
				562B23592632E2F1005AD27E /* Products */,
			);
			sourceTree = "<group>";
		};
		562B23592632E2F1005AD27E /* Products */ = {
			isa = PBXGroup;
			children = (
				562B23582632E2F1005AD27E /* day24_pro3_pa2.app */,
			);
			name = Products;
			sourceTree = "<group>";
		};
		562B235A2632E2F1005AD27E /* day24_pro3_pa2 */ = {
			isa = PBXGroup;
			children = (
				562B235B2632E2F1005AD27E /* AppDelegate.swift */,
				562B235D2632E2F1005AD27E /* SceneDelegate.swift */,
				562B235F2632E2F1005AD27E /* ContentView.swift */,
				562B23612632E2F7005AD27E /* Assets.xcassets */,
				562B23662632E2F7005AD27E /* LaunchScreen.storyboard */,
				562B23692632E2F7005AD27E /* Info.plist */,
				562B23632632E2F7005AD27E /* Preview Content */,
			);
			path = day24_pro3_pa2;
			sourceTree = "<group>";
		};
		562B23632632E2F7005AD27E /* Preview Content */ = {
			isa = PBXGroup;
			children = (
				562B23642632E2F7005AD27E /* Preview Assets.xcassets */,
			);
			path = "Preview Content";
			sourceTree = "<group>";
		};
/* End PBXGroup section */

/* Begin PBXNativeTarget section */
		562B23572632E2F1005AD27E /* day24_pro3_pa2 */ = {
			isa = PBXNativeTarget;
			buildConfigurationList = 562B236C2632E2F7005AD27E /* Build configuration list for PBXNativeTarget "day24_pro3_pa2" */;
			buildPhases = (
				562B23542632E2F1005AD27E /* Sources */,
				562B23552632E2F1005AD27E /* Frameworks */,
				562B23562632E2F1005AD27E /* Resources */,
			);
			buildRules = (
			);
			dependencies = (
			);
			name = day24_pro3_pa2;
			productName = day24_pro3_pa2;
			productReference = 562B23582632E2F1005AD27E /* day24_pro3_pa2.app */;
			productType = "com.apple.product-type.application";
		};
/* End PBXNativeTarget section */

/* Begin PBXProject section */
		562B23502632E2F1005AD27E /* Project object */ = {
			isa = PBXProject;
			attributes = {
				LastSwiftUpdateCheck = 1130;
				LastUpgradeCheck = 1250;
				ORGANIZATIONNAME = JohnHur;
				TargetAttributes = {
					562B23572632E2F1005AD27E = {
						CreatedOnToolsVersion = 11.3;
					};
				};
			};
			buildConfigurationList = 562B23532632E2F1005AD27E /* Build configuration list for PBXProject "day24_pro3_pa2" */;
			compatibilityVersion = "Xcode 9.3";
			developmentRegion = en;
			hasScannedForEncodings = 0;
			knownRegions = (
				en,
				Base,
			);
			mainGroup = 562B234F2632E2F1005AD27E;
			productRefGroup = 562B23592632E2F1005AD27E /* Products */;
			projectDirPath = "";
			projectRoot = "";
			targets = (
				562B23572632E2F1005AD27E /* day24_pro3_pa2 */,
			);
		};
/* End PBXProject section */

/* Begin PBXResourcesBuildPhase section */
		562B23562632E2F1005AD27E /* Resources */ = {
			isa = PBXResourcesBuildPhase;
			buildActionMask = 2147483647;
			files = (
				562B23682632E2F7005AD27E /* LaunchScreen.storyboard in Resources */,
				562B23652632E2F7005AD27E /* Preview Assets.xcassets in Resources */,
				562B23622632E2F7005AD27E /* Assets.xcassets in Resources */,
			);
			runOnlyForDeploymentPostprocessing = 0;
		};
/* End PBXResourcesBuildPhase section */

/* Begin PBXSourcesBuildPhase section */
		562B23542632E2F1005AD27E /* Sources */ = {
			isa = PBXSourcesBuildPhase;
			buildActionMask = 2147483647;
			files = (
				562B235C2632E2F1005AD27E /* AppDelegate.swift in Sources */,
				562B235E2632E2F1005AD27E /* SceneDelegate.swift in Sources */,
				562B23602632E2F1005AD27E /* ContentView.swift in Sources */,
			);
			runOnlyForDeploymentPostprocessing = 0;
		};
/* End PBXSourcesBuildPhase section */

/* Begin PBXVariantGroup section */
		562B23662632E2F7005AD27E /* LaunchScreen.storyboard */ = {
			isa = PBXVariantGroup;
			children = (
				562B23672632E2F7005AD27E /* Base */,
			);
			name = LaunchScreen.storyboard;
			sourceTree = "<group>";
		};
/* End PBXVariantGroup section */

/* Begin XCBuildConfiguration section */
		562B236A2632E2F7005AD27E /* Debug */ = {
			isa = XCBuildConfiguration;
			buildSettings = {
				ALWAYS_SEARCH_USER_PATHS = NO;
				CLANG_ANALYZER_NONNULL = YES;
				CLANG_ANALYZER_NUMBER_OBJECT_CONVERSION = YES_AGGRESSIVE;
				CLANG_CXX_LANGUAGE_STANDARD = "gnu++14";
				CLANG_CXX_LIBRARY = "libc++";
				CLANG_ENABLE_MODULES = YES;
				CLANG_ENABLE_OBJC_ARC = YES;
				CLANG_ENABLE_OBJC_WEAK = YES;
				CLANG_WARN_BLOCK_CAPTURE_AUTORELEASING = YES;
				CLANG_WARN_BOOL_CONVERSION = YES;
				CLANG_WARN_COMMA = YES;
				CLANG_WARN_CONSTANT_CONVERSION = YES;
				CLANG_WARN_DEPRECATED_OBJC_IMPLEMENTATIONS = YES;
				CLANG_WARN_DIRECT_OBJC_ISA_USAGE = YES_ERROR;
				CLANG_WARN_DOCUMENTATION_COMMENTS = YES;
				CLANG_WARN_EMPTY_BODY = YES;
				CLANG_WARN_ENUM_CONVERSION = YES;
				CLANG_WARN_INFINITE_RECURSION = YES;
				CLANG_WARN_INT_CONVERSION = YES;
				CLANG_WARN_NON_LITERAL_NULL_CONVERSION = YES;
				CLANG_WARN_OBJC_IMPLICIT_RETAIN_SELF = YES;
				CLANG_WARN_OBJC_LITERAL_CONVERSION = YES;
				CLANG_WARN_OBJC_ROOT_CLASS = YES_ERROR;
				CLANG_WARN_QUOTED_INCLUDE_IN_FRAMEWORK_HEADER = YES;
				CLANG_WARN_RANGE_LOOP_ANALYSIS = YES;
				CLANG_WARN_STRICT_PROTOTYPES = YES;
				CLANG_WARN_SUSPICIOUS_MOVE = YES;
				CLANG_WARN_UNGUARDED_AVAILABILITY = YES_AGGRESSIVE;
				CLANG_WARN_UNREACHABLE_CODE = YES;
				CLANG_WARN__DUPLICATE_METHOD_MATCH = YES;
				COPY_PHASE_STRIP = NO;
				DEBUG_INFORMATION_FORMAT = dwarf;
				ENABLE_STRICT_OBJC_MSGSEND = YES;
				ENABLE_TESTABILITY = YES;
				GCC_C_LANGUAGE_STANDARD = gnu11;
				GCC_DYNAMIC_NO_PIC = NO;
				GCC_NO_COMMON_BLOCKS = YES;
				GCC_OPTIMIZATION_LEVEL = 0;
				GCC_PREPROCESSOR_DEFINITIONS = (
					"DEBUG=1",
					"$(inherited)",
				);
				GCC_WARN_64_TO_32_BIT_CONVERSION = YES;
				GCC_WARN_ABOUT_RETURN_TYPE = YES_ERROR;
				GCC_WARN_UNDECLARED_SELECTOR = YES;
				GCC_WARN_UNINITIALIZED_AUTOS = YES_AGGRESSIVE;
				GCC_WARN_UNUSED_FUNCTION = YES;
				GCC_WARN_UNUSED_VARIABLE = YES;
				IPHONEOS_DEPLOYMENT_TARGET = 13.2;
				MTL_ENABLE_DEBUG_INFO = INCLUDE_SOURCE;
				MTL_FAST_MATH = YES;
				ONLY_ACTIVE_ARCH = YES;
				SDKROOT = iphoneos;
				SWIFT_ACTIVE_COMPILATION_CONDITIONS = DEBUG;
				SWIFT_OPTIMIZATION_LEVEL = "-Onone";
			};
			name = Debug;
		};
		562B236B2632E2F7005AD27E /* Release */ = {
			isa = XCBuildConfiguration;
			buildSettings = {
				ALWAYS_SEARCH_USER_PATHS = NO;
				CLANG_ANALYZER_NONNULL = YES;
				CLANG_ANALYZER_NUMBER_OBJECT_CONVERSION = YES_AGGRESSIVE;
				CLANG_CXX_LANGUAGE_STANDARD = "gnu++14";
				CLANG_CXX_LIBRARY = "libc++";
				CLANG_ENABLE_MODULES = YES;
				CLANG_ENABLE_OBJC_ARC = YES;
				CLANG_ENABLE_OBJC_WEAK = YES;
				CLANG_WARN_BLOCK_CAPTURE_AUTORELEASING = YES;
				CLANG_WARN_BOOL_CONVERSION = YES;
				CLANG_WARN_COMMA = YES;
				CLANG_WARN_CONSTANT_CONVERSION = YES;
				CLANG_WARN_DEPRECATED_OBJC_IMPLEMENTATIONS = YES;
				CLANG_WARN_DIRECT_OBJC_ISA_USAGE = YES_ERROR;
				CLANG_WARN_DOCUMENTATION_COMMENTS = YES;
				CLANG_WARN_EMPTY_BODY = YES;
				CLANG_WARN_ENUM_CONVERSION = YES;
				CLANG_WARN_INFINITE_RECURSION = YES;
				CLANG_WARN_INT_CONVERSION = YES;
				CLANG_WARN_NON_LITERAL_NULL_CONVERSION = YES;
				CLANG_WARN_OBJC_IMPLICIT_RETAIN_SELF = YES;
				CLANG_WARN_OBJC_LITERAL_CONVERSION = YES;
				CLANG_WARN_OBJC_ROOT_CLASS = YES_ERROR;
				CLANG_WARN_QUOTED_INCLUDE_IN_FRAMEWORK_HEADER = YES;
				CLANG_WARN_RANGE_LOOP_ANALYSIS = YES;
				CLANG_WARN_STRICT_PROTOTYPES = YES;
				CLANG_WARN_SUSPICIOUS_MOVE = YES;
				CLANG_WARN_UNGUARDED_AVAILABILITY = YES_AGGRESSIVE;
				CLANG_WARN_UNREACHABLE_CODE = YES;
				CLANG_WARN__DUPLICATE_METHOD_MATCH = YES;
				COPY_PHASE_STRIP = NO;
				DEBUG_INFORMATION_FORMAT = "dwarf-with-dsym";
				ENABLE_NS_ASSERTIONS = NO;
				ENABLE_STRICT_OBJC_MSGSEND = YES;
				GCC_C_LANGUAGE_STANDARD = gnu11;
				GCC_NO_COMMON_BLOCKS = YES;
				GCC_WARN_64_TO_32_BIT_CONVERSION = YES;
				GCC_WARN_ABOUT_RETURN_TYPE = YES_ERROR;
				GCC_WARN_UNDECLARED_SELECTOR = YES;
				GCC_WARN_UNINITIALIZED_AUTOS = YES_AGGRESSIVE;
				GCC_WARN_UNUSED_FUNCTION = YES;
				GCC_WARN_UNUSED_VARIABLE = YES;
				IPHONEOS_DEPLOYMENT_TARGET = 13.2;
				MTL_ENABLE_DEBUG_INFO = NO;
				MTL_FAST_MATH = YES;
				SDKROOT = iphoneos;
				SWIFT_COMPILATION_MODE = wholemodule;
				SWIFT_OPTIMIZATION_LEVEL = "-O";
				VALIDATE_PRODUCT = YES;
			};
			name = Release;
		};
		562B236D2632E2F7005AD27E /* Debug */ = {
			isa = XCBuildConfiguration;
			buildSettings = {
				ASSETCATALOG_COMPILER_APPICON_NAME = AppIcon;
				CODE_SIGN_STYLE = Automatic;
				DEVELOPMENT_ASSET_PATHS = "\"day24_pro3_pa2/Preview Content\"";
				DEVELOPMENT_TEAM = WMN3W52C7Q;
				ENABLE_PREVIEWS = YES;
				INFOPLIST_FILE = day24_pro3_pa2/Info.plist;
				LD_RUNPATH_SEARCH_PATHS = (
					"$(inherited)",
					"@executable_path/Frameworks",
				);
				PRODUCT_BUNDLE_IDENTIFIER = "John.day24-pro3-pa2";
				PRODUCT_NAME = "$(TARGET_NAME)";
				SWIFT_VERSION = 5.0;
				TARGETED_DEVICE_FAMILY = "1,2";
			};
			name = Debug;
		};
		562B236E2632E2F7005AD27E /* Release */ = {
			isa = XCBuildConfiguration;
			buildSettings = {
				ASSETCATALOG_COMPILER_APPICON_NAME = AppIcon;
				CODE_SIGN_STYLE = Automatic;
				DEVELOPMENT_ASSET_PATHS = "\"day24_pro3_pa2/Preview Content\"";
				DEVELOPMENT_TEAM = WMN3W52C7Q;
				ENABLE_PREVIEWS = YES;
				INFOPLIST_FILE = day24_pro3_pa2/Info.plist;
				LD_RUNPATH_SEARCH_PATHS = (
					"$(inherited)",
					"@executable_path/Frameworks",
				);
				PRODUCT_BUNDLE_IDENTIFIER = "John.day24-pro3-pa2";
				PRODUCT_NAME = "$(TARGET_NAME)";
				SWIFT_VERSION = 5.0;
				TARGETED_DEVICE_FAMILY = "1,2";
			};
			name = Release;
		};
/* End XCBuildConfiguration section */

/* Begin XCConfigurationList section */
		562B23532632E2F1005AD27E /* Build configuration list for PBXProject "day24_pro3_pa2" */ = {
			isa = XCConfigurationList;
			buildConfigurations = (
				562B236A2632E2F7005AD27E /* Debug */,
				562B236B2632E2F7005AD27E /* Release */,
			);
			defaultConfigurationIsVisible = 0;
			defaultConfigurationName = Release;
		};
		562B236C2632E2F7005AD27E /* Build configuration list for PBXNativeTarget "day24_pro3_pa2" */ = {
			isa = XCConfigurationList;
			buildConfigurations = (
				562B236D2632E2F7005AD27E /* Debug */,
				562B236E2632E2F7005AD27E /* Release */,
			);
			defaultConfigurationIsVisible = 0;
			defaultConfigurationName = Release;
		};
/* End XCConfigurationList section */
	};
	rootObject = 562B23502632E2F1005AD27E /* Project object */;
}
