// !$*UTF8*$!
{
	archiveVersion = 1;
	classes = {
	};
	objectVersion = 50;
	objects = {

/* Begin PBXBuildFile section */
		562529D82629CD68002F48E6 /* AppDelegate.swift in Sources */ = {isa = PBXBuildFile; fileRef = 562529D72629CD68002F48E6 /* AppDelegate.swift */; };
		562529DA2629CD69002F48E6 /* SceneDelegate.swift in Sources */ = {isa = PBXBuildFile; fileRef = 562529D92629CD68002F48E6 /* SceneDelegate.swift */; };
		562529DC2629CD69002F48E6 /* ContentView.swift in Sources */ = {isa = PBXBuildFile; fileRef = 562529DB2629CD69002F48E6 /* ContentView.swift */; };
		562529DE2629CD6A002F48E6 /* Assets.xcassets in Resources */ = {isa = PBXBuildFile; fileRef = 562529DD2629CD6A002F48E6 /* Assets.xcassets */; };
		562529E12629CD6A002F48E6 /* Preview Assets.xcassets in Resources */ = {isa = PBXBuildFile; fileRef = 562529E02629CD6A002F48E6 /* Preview Assets.xcassets */; };
		562529E42629CD6A002F48E6 /* LaunchScreen.storyboard in Resources */ = {isa = PBXBuildFile; fileRef = 562529E22629CD6A002F48E6 /* LaunchScreen.storyboard */; };
/* End PBXBuildFile section */

/* Begin PBXFileReference section */
		562529D42629CD68002F48E6 /* day19_ownProject.app */ = {isa = PBXFileReference; explicitFileType = wrapper.application; includeInIndex = 0; path = day19_ownProject.app; sourceTree = BUILT_PRODUCTS_DIR; };
		562529D72629CD68002F48E6 /* AppDelegate.swift */ = {isa = PBXFileReference; lastKnownFileType = sourcecode.swift; path = AppDelegate.swift; sourceTree = "<group>"; };
		562529D92629CD68002F48E6 /* SceneDelegate.swift */ = {isa = PBXFileReference; lastKnownFileType = sourcecode.swift; path = SceneDelegate.swift; sourceTree = "<group>"; };
		562529DB2629CD69002F48E6 /* ContentView.swift */ = {isa = PBXFileReference; lastKnownFileType = sourcecode.swift; path = ContentView.swift; sourceTree = "<group>"; };
		562529DD2629CD6A002F48E6 /* Assets.xcassets */ = {isa = PBXFileReference; lastKnownFileType = folder.assetcatalog; path = Assets.xcassets; sourceTree = "<group>"; };
		562529E02629CD6A002F48E6 /* Preview Assets.xcassets */ = {isa = PBXFileReference; lastKnownFileType = folder.assetcatalog; path = "Preview Assets.xcassets"; sourceTree = "<group>"; };
		562529E32629CD6A002F48E6 /* Base */ = {isa = PBXFileReference; lastKnownFileType = file.storyboard; name = Base; path = Base.lproj/LaunchScreen.storyboard; sourceTree = "<group>"; };
		562529E52629CD6A002F48E6 /* Info.plist */ = {isa = PBXFileReference; lastKnownFileType = text.plist.xml; path = Info.plist; sourceTree = "<group>"; };
/* End PBXFileReference section */

/* Begin PBXFrameworksBuildPhase section */
		562529D12629CD68002F48E6 /* Frameworks */ = {
			isa = PBXFrameworksBuildPhase;
			buildActionMask = 2147483647;
			files = (
			);
			runOnlyForDeploymentPostprocessing = 0;
		};
/* End PBXFrameworksBuildPhase section */

/* Begin PBXGroup section */
		562529CB2629CD68002F48E6 = {
			isa = PBXGroup;
			children = (
				562529D62629CD68002F48E6 /* day19_ownProject */,
				562529D52629CD68002F48E6 /* Products */,
			);
			sourceTree = "<group>";
		};
		562529D52629CD68002F48E6 /* Products */ = {
			isa = PBXGroup;
			children = (
				562529D42629CD68002F48E6 /* day19_ownProject.app */,
			);
			name = Products;
			sourceTree = "<group>";
		};
		562529D62629CD68002F48E6 /* day19_ownProject */ = {
			isa = PBXGroup;
			children = (
				562529D72629CD68002F48E6 /* AppDelegate.swift */,
				562529D92629CD68002F48E6 /* SceneDelegate.swift */,
				562529DB2629CD69002F48E6 /* ContentView.swift */,
				562529DD2629CD6A002F48E6 /* Assets.xcassets */,
				562529E22629CD6A002F48E6 /* LaunchScreen.storyboard */,
				562529E52629CD6A002F48E6 /* Info.plist */,
				562529DF2629CD6A002F48E6 /* Preview Content */,
			);
			path = day19_ownProject;
			sourceTree = "<group>";
		};
		562529DF2629CD6A002F48E6 /* Preview Content */ = {
			isa = PBXGroup;
			children = (
				562529E02629CD6A002F48E6 /* Preview Assets.xcassets */,
			);
			path = "Preview Content";
			sourceTree = "<group>";
		};
/* End PBXGroup section */

/* Begin PBXNativeTarget section */
		562529D32629CD68002F48E6 /* day19_ownProject */ = {
			isa = PBXNativeTarget;
			buildConfigurationList = 562529E82629CD6A002F48E6 /* Build configuration list for PBXNativeTarget "day19_ownProject" */;
			buildPhases = (
				562529D02629CD68002F48E6 /* Sources */,
				562529D12629CD68002F48E6 /* Frameworks */,
				562529D22629CD68002F48E6 /* Resources */,
			);
			buildRules = (
			);
			dependencies = (
			);
			name = day19_ownProject;
			productName = day19_ownProject;
			productReference = 562529D42629CD68002F48E6 /* day19_ownProject.app */;
			productType = "com.apple.product-type.application";
		};
/* End PBXNativeTarget section */

/* Begin PBXProject section */
		562529CC2629CD68002F48E6 /* Project object */ = {
			isa = PBXProject;
			attributes = {
				LastSwiftUpdateCheck = 1130;
				LastUpgradeCheck = 1130;
				ORGANIZATIONNAME = JohnHur;
				TargetAttributes = {
					562529D32629CD68002F48E6 = {
						CreatedOnToolsVersion = 11.3;
					};
				};
			};
			buildConfigurationList = 562529CF2629CD68002F48E6 /* Build configuration list for PBXProject "day19_ownProject" */;
			compatibilityVersion = "Xcode 9.3";
			developmentRegion = en;
			hasScannedForEncodings = 0;
			knownRegions = (
				en,
				Base,
			);
			mainGroup = 562529CB2629CD68002F48E6;
			productRefGroup = 562529D52629CD68002F48E6 /* Products */;
			projectDirPath = "";
			projectRoot = "";
			targets = (
				562529D32629CD68002F48E6 /* day19_ownProject */,
			);
		};
/* End PBXProject section */

/* Begin PBXResourcesBuildPhase section */
		562529D22629CD68002F48E6 /* Resources */ = {
			isa = PBXResourcesBuildPhase;
			buildActionMask = 2147483647;
			files = (
				562529E42629CD6A002F48E6 /* LaunchScreen.storyboard in Resources */,
				562529E12629CD6A002F48E6 /* Preview Assets.xcassets in Resources */,
				562529DE2629CD6A002F48E6 /* Assets.xcassets in Resources */,
			);
			runOnlyForDeploymentPostprocessing = 0;
		};
/* End PBXResourcesBuildPhase section */

/* Begin PBXSourcesBuildPhase section */
		562529D02629CD68002F48E6 /* Sources */ = {
			isa = PBXSourcesBuildPhase;
			buildActionMask = 2147483647;
			files = (
				562529D82629CD68002F48E6 /* AppDelegate.swift in Sources */,
				562529DA2629CD69002F48E6 /* SceneDelegate.swift in Sources */,
				562529DC2629CD69002F48E6 /* ContentView.swift in Sources */,
			);
			runOnlyForDeploymentPostprocessing = 0;
		};
/* End PBXSourcesBuildPhase section */

/* Begin PBXVariantGroup section */
		562529E22629CD6A002F48E6 /* LaunchScreen.storyboard */ = {
			isa = PBXVariantGroup;
			children = (
				562529E32629CD6A002F48E6 /* Base */,
			);
			name = LaunchScreen.storyboard;
			sourceTree = "<group>";
		};
/* End PBXVariantGroup section */

/* Begin XCBuildConfiguration section */
		562529E62629CD6A002F48E6 /* Debug */ = {
			isa = XCBuildConfiguration;
			buildSettings = {
				ALWAYS_SEARCH_USER_PATHS = NO;
				CLANG_ANALYZER_NONNULL = YES;
				CLANG_ANALYZER_NUMBER_OBJECT_CONVERSION = YES_AGGRESSIVE;
				CLANG_CXX_LANGUAGE_STANDARD = "gnu++14";
				CLANG_CXX_LIBRARY = "libc++";
				CLANG_ENABLE_MODULES = YES;
				CLANG_ENABLE_OBJC_ARC = YES;
				CLANG_ENABLE_OBJC_WEAK = YES;
				CLANG_WARN_BLOCK_CAPTURE_AUTORELEASING = YES;
				CLANG_WARN_BOOL_CONVERSION = YES;
				CLANG_WARN_COMMA = YES;
				CLANG_WARN_CONSTANT_CONVERSION = YES;
				CLANG_WARN_DEPRECATED_OBJC_IMPLEMENTATIONS = YES;
				CLANG_WARN_DIRECT_OBJC_ISA_USAGE = YES_ERROR;
				CLANG_WARN_DOCUMENTATION_COMMENTS = YES;
				CLANG_WARN_EMPTY_BODY = YES;
				CLANG_WARN_ENUM_CONVERSION = YES;
				CLANG_WARN_INFINITE_RECURSION = YES;
				CLANG_WARN_INT_CONVERSION = YES;
				CLANG_WARN_NON_LITERAL_NULL_CONVERSION = YES;
				CLANG_WARN_OBJC_IMPLICIT_RETAIN_SELF = YES;
				CLANG_WARN_OBJC_LITERAL_CONVERSION = YES;
				CLANG_WARN_OBJC_ROOT_CLASS = YES_ERROR;
				CLANG_WARN_RANGE_LOOP_ANALYSIS = YES;
				CLANG_WARN_STRICT_PROTOTYPES = YES;
				CLANG_WARN_SUSPICIOUS_MOVE = YES;
				CLANG_WARN_UNGUARDED_AVAILABILITY = YES_AGGRESSIVE;
				CLANG_WARN_UNREACHABLE_CODE = YES;
				CLANG_WARN__DUPLICATE_METHOD_MATCH = YES;
				COPY_PHASE_STRIP = NO;
				DEBUG_INFORMATION_FORMAT = dwarf;
				ENABLE_STRICT_OBJC_MSGSEND = YES;
				ENABLE_TESTABILITY = YES;
				GCC_C_LANGUAGE_STANDARD = gnu11;
				GCC_DYNAMIC_NO_PIC = NO;
				GCC_NO_COMMON_BLOCKS = YES;
				GCC_OPTIMIZATION_LEVEL = 0;
				GCC_PREPROCESSOR_DEFINITIONS = (
					"DEBUG=1",
					"$(inherited)",
				);
				GCC_WARN_64_TO_32_BIT_CONVERSION = YES;
				GCC_WARN_ABOUT_RETURN_TYPE = YES_ERROR;
				GCC_WARN_UNDECLARED_SELECTOR = YES;
				GCC_WARN_UNINITIALIZED_AUTOS = YES_AGGRESSIVE;
				GCC_WARN_UNUSED_FUNCTION = YES;
				GCC_WARN_UNUSED_VARIABLE = YES;
				IPHONEOS_DEPLOYMENT_TARGET = 13.2;
				MTL_ENABLE_DEBUG_INFO = INCLUDE_SOURCE;
				MTL_FAST_MATH = YES;
				ONLY_ACTIVE_ARCH = YES;
				SDKROOT = iphoneos;
				SWIFT_ACTIVE_COMPILATION_CONDITIONS = DEBUG;
				SWIFT_OPTIMIZATION_LEVEL = "-Onone";
			};
			name = Debug;
		};
		562529E72629CD6A002F48E6 /* Release */ = {
			isa = XCBuildConfiguration;
			buildSettings = {
				ALWAYS_SEARCH_USER_PATHS = NO;
				CLANG_ANALYZER_NONNULL = YES;
				CLANG_ANALYZER_NUMBER_OBJECT_CONVERSION = YES_AGGRESSIVE;
				CLANG_CXX_LANGUAGE_STANDARD = "gnu++14";
				CLANG_CXX_LIBRARY = "libc++";
				CLANG_ENABLE_MODULES = YES;
				CLANG_ENABLE_OBJC_ARC = YES;
				CLANG_ENABLE_OBJC_WEAK = YES;
				CLANG_WARN_BLOCK_CAPTURE_AUTORELEASING = YES;
				CLANG_WARN_BOOL_CONVERSION = YES;
				CLANG_WARN_COMMA = YES;
				CLANG_WARN_CONSTANT_CONVERSION = YES;
				CLANG_WARN_DEPRECATED_OBJC_IMPLEMENTATIONS = YES;
				CLANG_WARN_DIRECT_OBJC_ISA_USAGE = YES_ERROR;
				CLANG_WARN_DOCUMENTATION_COMMENTS = YES;
				CLANG_WARN_EMPTY_BODY = YES;
				CLANG_WARN_ENUM_CONVERSION = YES;
				CLANG_WARN_INFINITE_RECURSION = YES;
				CLANG_WARN_INT_CONVERSION = YES;
				CLANG_WARN_NON_LITERAL_NULL_CONVERSION = YES;
				CLANG_WARN_OBJC_IMPLICIT_RETAIN_SELF = YES;
				CLANG_WARN_OBJC_LITERAL_CONVERSION = YES;
				CLANG_WARN_OBJC_ROOT_CLASS = YES_ERROR;
				CLANG_WARN_RANGE_LOOP_ANALYSIS = YES;
				CLANG_WARN_STRICT_PROTOTYPES = YES;
				CLANG_WARN_SUSPICIOUS_MOVE = YES;
				CLANG_WARN_UNGUARDED_AVAILABILITY = YES_AGGRESSIVE;
				CLANG_WARN_UNREACHABLE_CODE = YES;
				CLANG_WARN__DUPLICATE_METHOD_MATCH = YES;
				COPY_PHASE_STRIP = NO;
				DEBUG_INFORMATION_FORMAT = "dwarf-with-dsym";
				ENABLE_NS_ASSERTIONS = NO;
				ENABLE_STRICT_OBJC_MSGSEND = YES;
				GCC_C_LANGUAGE_STANDARD = gnu11;
				GCC_NO_COMMON_BLOCKS = YES;
				GCC_WARN_64_TO_32_BIT_CONVERSION = YES;
				GCC_WARN_ABOUT_RETURN_TYPE = YES_ERROR;
				GCC_WARN_UNDECLARED_SELECTOR = YES;
				GCC_WARN_UNINITIALIZED_AUTOS = YES_AGGRESSIVE;
				GCC_WARN_UNUSED_FUNCTION = YES;
				GCC_WARN_UNUSED_VARIABLE = YES;
				IPHONEOS_DEPLOYMENT_TARGET = 13.2;
				MTL_ENABLE_DEBUG_INFO = NO;
				MTL_FAST_MATH = YES;
				SDKROOT = iphoneos;
				SWIFT_COMPILATION_MODE = wholemodule;
				SWIFT_OPTIMIZATION_LEVEL = "-O";
				VALIDATE_PRODUCT = YES;
			};
			name = Release;
		};
		562529E92629CD6A002F48E6 /* Debug */ = {
			isa = XCBuildConfiguration;
			buildSettings = {
				ASSETCATALOG_COMPILER_APPICON_NAME = AppIcon;
				CODE_SIGN_STYLE = Automatic;
				DEVELOPMENT_ASSET_PATHS = "\"day19_ownProject/Preview Content\"";
				DEVELOPMENT_TEAM = WMN3W52C7Q;
				ENABLE_PREVIEWS = YES;
				INFOPLIST_FILE = day19_ownProject/Info.plist;
				LD_RUNPATH_SEARCH_PATHS = (
					"$(inherited)",
					"@executable_path/Frameworks",
				);
				PRODUCT_BUNDLE_IDENTIFIER = "John.day19-ownProject";
				PRODUCT_NAME = "$(TARGET_NAME)";
				SWIFT_VERSION = 5.0;
				TARGETED_DEVICE_FAMILY = "1,2";
			};
			name = Debug;
		};
		562529EA2629CD6A002F48E6 /* Release */ = {
			isa = XCBuildConfiguration;
			buildSettings = {
				ASSETCATALOG_COMPILER_APPICON_NAME = AppIcon;
				CODE_SIGN_STYLE = Automatic;
				DEVELOPMENT_ASSET_PATHS = "\"day19_ownProject/Preview Content\"";
				DEVELOPMENT_TEAM = WMN3W52C7Q;
				ENABLE_PREVIEWS = YES;
				INFOPLIST_FILE = day19_ownProject/Info.plist;
				LD_RUNPATH_SEARCH_PATHS = (
					"$(inherited)",
					"@executable_path/Frameworks",
				);
				PRODUCT_BUNDLE_IDENTIFIER = "John.day19-ownProject";
				PRODUCT_NAME = "$(TARGET_NAME)";
				SWIFT_VERSION = 5.0;
				TARGETED_DEVICE_FAMILY = "1,2";
			};
			name = Release;
		};
/* End XCBuildConfiguration section */

/* Begin XCConfigurationList section */
		562529CF2629CD68002F48E6 /* Build configuration list for PBXProject "day19_ownProject" */ = {
			isa = XCConfigurationList;
			buildConfigurations = (
				562529E62629CD6A002F48E6 /* Debug */,
				562529E72629CD6A002F48E6 /* Release */,
			);
			defaultConfigurationIsVisible = 0;
			defaultConfigurationName = Release;
		};
		562529E82629CD6A002F48E6 /* Build configuration list for PBXNativeTarget "day19_ownProject" */ = {
			isa = XCConfigurationList;
			buildConfigurations = (
				562529E92629CD6A002F48E6 /* Debug */,
				562529EA2629CD6A002F48E6 /* Release */,
			);
			defaultConfigurationIsVisible = 0;
			defaultConfigurationName = Release;
		};
/* End XCConfigurationList section */
	};
	rootObject = 562529CC2629CD68002F48E6 /* Project object */;
}
